// !$*UTF8*$!
{
	archiveVersion = 1;
	classes = {
	};
	objectVersion = 56;
	objects = {

/* Begin PBXBuildFile section */
		04BD5FCE29E8264000E1B144 /* FavoriteButton.swift in Sources */ = {isa = PBXBuildFile; fileRef = 04BD5FCD29E8263F00E1B144 /* FavoriteButton.swift */; };
		04BD5FD229E82DDE00E1B144 /* HexagonParameters.swift in Sources */ = {isa = PBXBuildFile; fileRef = 04BD5FD129E82DDE00E1B144 /* HexagonParameters.swift */; };
		04BD5FD429E8432100E1B144 /* BadgeBackground.swift in Sources */ = {isa = PBXBuildFile; fileRef = 04BD5FD329E8432100E1B144 /* BadgeBackground.swift */; };
		04BD5FD629E8462B00E1B144 /* BadgeSymbol.swift in Sources */ = {isa = PBXBuildFile; fileRef = 04BD5FD529E8462B00E1B144 /* BadgeSymbol.swift */; };
		04BD5FD829E8482900E1B144 /* RotatedBadgeSymbol.swift in Sources */ = {isa = PBXBuildFile; fileRef = 04BD5FD729E8482900E1B144 /* RotatedBadgeSymbol.swift */; };
		04BD5FDA29E8489000E1B144 /* Badge.swift in Sources */ = {isa = PBXBuildFile; fileRef = 04BD5FD929E8489000E1B144 /* Badge.swift */; };
		04BD5FDD29E8494D00E1B144 /* hikeData.json in Resources */ = {isa = PBXBuildFile; fileRef = 04BD5FDC29E8494D00E1B144 /* hikeData.json */; };
		04BD5FDF29E849A200E1B144 /* Hike.swift in Sources */ = {isa = PBXBuildFile; fileRef = 04BD5FDE29E849A200E1B144 /* Hike.swift */; };
		04BD5FE529E849EB00E1B144 /* GraphCapsule.swift in Sources */ = {isa = PBXBuildFile; fileRef = 04BD5FE129E849EB00E1B144 /* GraphCapsule.swift */; };
		04BD5FE629E849EB00E1B144 /* HikeGraph.swift in Sources */ = {isa = PBXBuildFile; fileRef = 04BD5FE229E849EB00E1B144 /* HikeGraph.swift */; };
		04BD5FE729E849EB00E1B144 /* HikeDetail.swift in Sources */ = {isa = PBXBuildFile; fileRef = 04BD5FE329E849EB00E1B144 /* HikeDetail.swift */; };
		04BD5FE829E849EB00E1B144 /* HikeView.swift in Sources */ = {isa = PBXBuildFile; fileRef = 04BD5FE429E849EB00E1B144 /* HikeView.swift */; };
		04BD5FEB29E8503700E1B144 /* CategoryHome.swift in Sources */ = {isa = PBXBuildFile; fileRef = 04BD5FEA29E8503700E1B144 /* CategoryHome.swift */; };
		04BD5FED29E854CD00E1B144 /* CategoryRow.swift in Sources */ = {isa = PBXBuildFile; fileRef = 04BD5FEC29E854CD00E1B144 /* CategoryRow.swift */; };
		04BD5FEF29E8555A00E1B144 /* CategoryItem.swift in Sources */ = {isa = PBXBuildFile; fileRef = 04BD5FEE29E8555A00E1B144 /* CategoryItem.swift */; };
		04BD5FF129E85A6900E1B144 /* Profile.swift in Sources */ = {isa = PBXBuildFile; fileRef = 04BD5FF029E85A6900E1B144 /* Profile.swift */; };
		04BD5FF429E85AAA00E1B144 /* ProfileHost.swift in Sources */ = {isa = PBXBuildFile; fileRef = 04BD5FF329E85AAA00E1B144 /* ProfileHost.swift */; };
		04BD5FF629E85B3500E1B144 /* ProfileSummary.swift in Sources */ = {isa = PBXBuildFile; fileRef = 04BD5FF529E85B3500E1B144 /* ProfileSummary.swift */; };
		04BD5FF829E85B7A00E1B144 /* HikeBadge.swift in Sources */ = {isa = PBXBuildFile; fileRef = 04BD5FF729E85B7A00E1B144 /* HikeBadge.swift */; };
		04BD5FFA29E85D8500E1B144 /* ProfileEditor.swift in Sources */ = {isa = PBXBuildFile; fileRef = 04BD5FF929E85D8500E1B144 /* ProfileEditor.swift */; };
		04BD5FFD29E8743900E1B144 /* PageViewController.swift in Sources */ = {isa = PBXBuildFile; fileRef = 04BD5FFC29E8743900E1B144 /* PageViewController.swift */; };
		04BD5FFF29E8754000E1B144 /* FeatureCard.swift in Sources */ = {isa = PBXBuildFile; fileRef = 04BD5FFE29E8754000E1B144 /* FeatureCard.swift */; };
		04BD600129E8757300E1B144 /* PageView.swift in Sources */ = {isa = PBXBuildFile; fileRef = 04BD600029E8757300E1B144 /* PageView.swift */; };
		04E3F3E029E4FF7300AA6BA2 /* _706012110032_Micheila_Jiemesha_AFL_3App.swift in Sources */ = {isa = PBXBuildFile; fileRef = 04E3F3DF29E4FF7300AA6BA2 /* _706012110032_Micheila_Jiemesha_AFL_3App.swift */; };
		04E3F3E229E4FF7300AA6BA2 /* ContentView.swift in Sources */ = {isa = PBXBuildFile; fileRef = 04E3F3E129E4FF7300AA6BA2 /* ContentView.swift */; };
		04E3F3E429E4FF7500AA6BA2 /* Assets.xcassets in Resources */ = {isa = PBXBuildFile; fileRef = 04E3F3E329E4FF7500AA6BA2 /* Assets.xcassets */; };
		04E3F3E729E4FF7500AA6BA2 /* Preview Assets.xcassets in Resources */ = {isa = PBXBuildFile; fileRef = 04E3F3E629E4FF7500AA6BA2 /* Preview Assets.xcassets */; };
		04E3F3F129E4FF7500AA6BA2 /* _706012110032_Micheila_Jiemesha_AFL_3Tests.swift in Sources */ = {isa = PBXBuildFile; fileRef = 04E3F3F029E4FF7500AA6BA2 /* _706012110032_Micheila_Jiemesha_AFL_3Tests.swift */; };
		04E3F3FB29E4FF7500AA6BA2 /* _706012110032_Micheila_Jiemesha_AFL_3UITests.swift in Sources */ = {isa = PBXBuildFile; fileRef = 04E3F3FA29E4FF7500AA6BA2 /* _706012110032_Micheila_Jiemesha_AFL_3UITests.swift */; };
		04E3F3FD29E4FF7500AA6BA2 /* _706012110032_Micheila_Jiemesha_AFL_3UITestsLaunchTests.swift in Sources */ = {isa = PBXBuildFile; fileRef = 04E3F3FC29E4FF7500AA6BA2 /* _706012110032_Micheila_Jiemesha_AFL_3UITestsLaunchTests.swift */; };
		04E3F40A29E5023E00AA6BA2 /* CircleImage.swift in Sources */ = {isa = PBXBuildFile; fileRef = 04E3F40929E5023E00AA6BA2 /* CircleImage.swift */; };
		04E3F40C29E5029400AA6BA2 /* MapView.swift in Sources */ = {isa = PBXBuildFile; fileRef = 04E3F40B29E5029400AA6BA2 /* MapView.swift */; };
		04E3F40E29E5035100AA6BA2 /* landmarkData.json in Resources */ = {isa = PBXBuildFile; fileRef = 04E3F40D29E5035100AA6BA2 /* landmarkData.json */; };
		04E3F41029E5036200AA6BA2 /* Landmark.swift in Sources */ = {isa = PBXBuildFile; fileRef = 04E3F40F29E5036200AA6BA2 /* Landmark.swift */; };
		04E3F41229E503AA00AA6BA2 /* ModelData.swift in Sources */ = {isa = PBXBuildFile; fileRef = 04E3F41129E503AA00AA6BA2 /* ModelData.swift */; };
		04E3F41729E5042C00AA6BA2 /* LandmarkRow.swift in Sources */ = {isa = PBXBuildFile; fileRef = 04E3F41629E5042C00AA6BA2 /* LandmarkRow.swift */; };
		04E3F41929E5054500AA6BA2 /* LandmarkList.swift in Sources */ = {isa = PBXBuildFile; fileRef = 04E3F41829E5054500AA6BA2 /* LandmarkList.swift */; };
		04E3F41B29E505F300AA6BA2 /* LandmarkDetail.swift in Sources */ = {isa = PBXBuildFile; fileRef = 04E3F41A29E505F300AA6BA2 /* LandmarkDetail.swift */; };
		04FED04429E8DA3500837F64 /* PageControl.swift in Sources */ = {isa = PBXBuildFile; fileRef = 04FED04329E8DA3500837F64 /* PageControl.swift */; };
		04FED07A29E8E1E800837F64 /* _706012110032_Micheila_Jiemesha_AFL_3_WatchApp.swift in Sources */ = {isa = PBXBuildFile; fileRef = 04FED07929E8E1E800837F64 /* _706012110032_Micheila_Jiemesha_AFL_3_WatchApp.swift */; };
		04FED07C29E8E1E800837F64 /* ContentView.swift in Sources */ = {isa = PBXBuildFile; fileRef = 04FED07B29E8E1E800837F64 /* ContentView.swift */; };
		04FED07E29E8E1EA00837F64 /* Assets.xcassets in Resources */ = {isa = PBXBuildFile; fileRef = 04FED07D29E8E1EA00837F64 /* Assets.xcassets */; };
		04FED08129E8E1EA00837F64 /* Preview Assets.xcassets in Resources */ = {isa = PBXBuildFile; fileRef = 04FED08029E8E1EA00837F64 /* Preview Assets.xcassets */; };
		04FED08B29E8E1EB00837F64 /* _706012110032_Micheila_Jiemesha_AFL_3_Watch_Watch_AppTests.swift in Sources */ = {isa = PBXBuildFile; fileRef = 04FED08A29E8E1EB00837F64 /* _706012110032_Micheila_Jiemesha_AFL_3_Watch_Watch_AppTests.swift */; };
		04FED09529E8E1EB00837F64 /* _706012110032_Micheila_Jiemesha_AFL_3_Watch_Watch_AppUITests.swift in Sources */ = {isa = PBXBuildFile; fileRef = 04FED09429E8E1EB00837F64 /* _706012110032_Micheila_Jiemesha_AFL_3_Watch_Watch_AppUITests.swift */; };
		04FED09729E8E1EB00837F64 /* _706012110032_Micheila_Jiemesha_AFL_3_Watch_Watch_AppUITestsLaunchTests.swift in Sources */ = {isa = PBXBuildFile; fileRef = 04FED09629E8E1EB00837F64 /* _706012110032_Micheila_Jiemesha_AFL_3_Watch_Watch_AppUITestsLaunchTests.swift */; };
/* End PBXBuildFile section */

/* Begin PBXContainerItemProxy section */
		04E3F3ED29E4FF7500AA6BA2 /* PBXContainerItemProxy */ = {
			isa = PBXContainerItemProxy;
			containerPortal = 04E3F3D429E4FF7300AA6BA2 /* Project object */;
			proxyType = 1;
			remoteGlobalIDString = 04E3F3DB29E4FF7300AA6BA2;
			remoteInfo = "0706012110032-Micheila Jiemesha-AFL 3";
		};
		04E3F3F729E4FF7500AA6BA2 /* PBXContainerItemProxy */ = {
			isa = PBXContainerItemProxy;
			containerPortal = 04E3F3D429E4FF7300AA6BA2 /* Project object */;
			proxyType = 1;
			remoteGlobalIDString = 04E3F3DB29E4FF7300AA6BA2;
			remoteInfo = "0706012110032-Micheila Jiemesha-AFL 3";
		};
		04FED08729E8E1EB00837F64 /* PBXContainerItemProxy */ = {
			isa = PBXContainerItemProxy;
			containerPortal = 04E3F3D429E4FF7300AA6BA2 /* Project object */;
			proxyType = 1;
			remoteGlobalIDString = 04FED07629E8E1E800837F64;
			remoteInfo = "0706012110032-Micheila Jiemesha-AFL 3-Watch Watch App";
		};
		04FED09129E8E1EB00837F64 /* PBXContainerItemProxy */ = {
			isa = PBXContainerItemProxy;
			containerPortal = 04E3F3D429E4FF7300AA6BA2 /* Project object */;
			proxyType = 1;
			remoteGlobalIDString = 04FED07629E8E1E800837F64;
			remoteInfo = "0706012110032-Micheila Jiemesha-AFL 3-Watch Watch App";
		};
/* End PBXContainerItemProxy section */

/* Begin PBXFileReference section */
		04BD5FCD29E8263F00E1B144 /* FavoriteButton.swift */ = {isa = PBXFileReference; lastKnownFileType = sourcecode.swift; path = FavoriteButton.swift; sourceTree = "<group>"; };
		04BD5FD129E82DDE00E1B144 /* HexagonParameters.swift */ = {isa = PBXFileReference; lastKnownFileType = sourcecode.swift; path = HexagonParameters.swift; sourceTree = "<group>"; };
		04BD5FD329E8432100E1B144 /* BadgeBackground.swift */ = {isa = PBXFileReference; lastKnownFileType = sourcecode.swift; path = BadgeBackground.swift; sourceTree = "<group>"; };
		04BD5FD529E8462B00E1B144 /* BadgeSymbol.swift */ = {isa = PBXFileReference; lastKnownFileType = sourcecode.swift; path = BadgeSymbol.swift; sourceTree = "<group>"; };
		04BD5FD729E8482900E1B144 /* RotatedBadgeSymbol.swift */ = {isa = PBXFileReference; lastKnownFileType = sourcecode.swift; path = RotatedBadgeSymbol.swift; sourceTree = "<group>"; };
		04BD5FD929E8489000E1B144 /* Badge.swift */ = {isa = PBXFileReference; lastKnownFileType = sourcecode.swift; path = Badge.swift; sourceTree = "<group>"; };
		04BD5FDC29E8494D00E1B144 /* hikeData.json */ = {isa = PBXFileReference; fileEncoding = 4; lastKnownFileType = text.json; path = hikeData.json; sourceTree = "<group>"; };
		04BD5FDE29E849A200E1B144 /* Hike.swift */ = {isa = PBXFileReference; lastKnownFileType = sourcecode.swift; path = Hike.swift; sourceTree = "<group>"; };
		04BD5FE129E849EB00E1B144 /* GraphCapsule.swift */ = {isa = PBXFileReference; fileEncoding = 4; lastKnownFileType = sourcecode.swift; path = GraphCapsule.swift; sourceTree = "<group>"; };
		04BD5FE229E849EB00E1B144 /* HikeGraph.swift */ = {isa = PBXFileReference; fileEncoding = 4; lastKnownFileType = sourcecode.swift; path = HikeGraph.swift; sourceTree = "<group>"; };
		04BD5FE329E849EB00E1B144 /* HikeDetail.swift */ = {isa = PBXFileReference; fileEncoding = 4; lastKnownFileType = sourcecode.swift; path = HikeDetail.swift; sourceTree = "<group>"; };
		04BD5FE429E849EB00E1B144 /* HikeView.swift */ = {isa = PBXFileReference; fileEncoding = 4; lastKnownFileType = sourcecode.swift; path = HikeView.swift; sourceTree = "<group>"; };
		04BD5FEA29E8503700E1B144 /* CategoryHome.swift */ = {isa = PBXFileReference; lastKnownFileType = sourcecode.swift; path = CategoryHome.swift; sourceTree = "<group>"; };
		04BD5FEC29E854CD00E1B144 /* CategoryRow.swift */ = {isa = PBXFileReference; lastKnownFileType = sourcecode.swift; path = CategoryRow.swift; sourceTree = "<group>"; };
		04BD5FEE29E8555A00E1B144 /* CategoryItem.swift */ = {isa = PBXFileReference; lastKnownFileType = sourcecode.swift; path = CategoryItem.swift; sourceTree = "<group>"; };
		04BD5FF029E85A6900E1B144 /* Profile.swift */ = {isa = PBXFileReference; lastKnownFileType = sourcecode.swift; path = Profile.swift; sourceTree = "<group>"; };
		04BD5FF329E85AAA00E1B144 /* ProfileHost.swift */ = {isa = PBXFileReference; lastKnownFileType = sourcecode.swift; path = ProfileHost.swift; sourceTree = "<group>"; };
		04BD5FF529E85B3500E1B144 /* ProfileSummary.swift */ = {isa = PBXFileReference; lastKnownFileType = sourcecode.swift; path = ProfileSummary.swift; sourceTree = "<group>"; };
		04BD5FF729E85B7A00E1B144 /* HikeBadge.swift */ = {isa = PBXFileReference; lastKnownFileType = sourcecode.swift; path = HikeBadge.swift; sourceTree = "<group>"; };
		04BD5FF929E85D8500E1B144 /* ProfileEditor.swift */ = {isa = PBXFileReference; lastKnownFileType = sourcecode.swift; path = ProfileEditor.swift; sourceTree = "<group>"; };
		04BD5FFC29E8743900E1B144 /* PageViewController.swift */ = {isa = PBXFileReference; lastKnownFileType = sourcecode.swift; path = PageViewController.swift; sourceTree = "<group>"; };
		04BD5FFE29E8754000E1B144 /* FeatureCard.swift */ = {isa = PBXFileReference; lastKnownFileType = sourcecode.swift; path = FeatureCard.swift; sourceTree = "<group>"; };
		04BD600029E8757300E1B144 /* PageView.swift */ = {isa = PBXFileReference; lastKnownFileType = sourcecode.swift; path = PageView.swift; sourceTree = "<group>"; };
		04E3F3DC29E4FF7300AA6BA2 /* 0706012110032-Micheila Jiemesha-AFL 3.app */ = {isa = PBXFileReference; explicitFileType = wrapper.application; includeInIndex = 0; path = "0706012110032-Micheila Jiemesha-AFL 3.app"; sourceTree = BUILT_PRODUCTS_DIR; };
		04E3F3DF29E4FF7300AA6BA2 /* _706012110032_Micheila_Jiemesha_AFL_3App.swift */ = {isa = PBXFileReference; lastKnownFileType = sourcecode.swift; path = _706012110032_Micheila_Jiemesha_AFL_3App.swift; sourceTree = "<group>"; };
		04E3F3E129E4FF7300AA6BA2 /* ContentView.swift */ = {isa = PBXFileReference; lastKnownFileType = sourcecode.swift; path = ContentView.swift; sourceTree = "<group>"; };
		04E3F3E329E4FF7500AA6BA2 /* Assets.xcassets */ = {isa = PBXFileReference; lastKnownFileType = folder.assetcatalog; path = Assets.xcassets; sourceTree = "<group>"; };
		04E3F3E629E4FF7500AA6BA2 /* Preview Assets.xcassets */ = {isa = PBXFileReference; lastKnownFileType = folder.assetcatalog; path = "Preview Assets.xcassets"; sourceTree = "<group>"; };
		04E3F3EC29E4FF7500AA6BA2 /* 0706012110032-Micheila Jiemesha-AFL 3Tests.xctest */ = {isa = PBXFileReference; explicitFileType = wrapper.cfbundle; includeInIndex = 0; path = "0706012110032-Micheila Jiemesha-AFL 3Tests.xctest"; sourceTree = BUILT_PRODUCTS_DIR; };
		04E3F3F029E4FF7500AA6BA2 /* _706012110032_Micheila_Jiemesha_AFL_3Tests.swift */ = {isa = PBXFileReference; lastKnownFileType = sourcecode.swift; path = _706012110032_Micheila_Jiemesha_AFL_3Tests.swift; sourceTree = "<group>"; };
		04E3F3F629E4FF7500AA6BA2 /* 0706012110032-Micheila Jiemesha-AFL 3UITests.xctest */ = {isa = PBXFileReference; explicitFileType = wrapper.cfbundle; includeInIndex = 0; path = "0706012110032-Micheila Jiemesha-AFL 3UITests.xctest"; sourceTree = BUILT_PRODUCTS_DIR; };
		04E3F3FA29E4FF7500AA6BA2 /* _706012110032_Micheila_Jiemesha_AFL_3UITests.swift */ = {isa = PBXFileReference; lastKnownFileType = sourcecode.swift; path = _706012110032_Micheila_Jiemesha_AFL_3UITests.swift; sourceTree = "<group>"; };
		04E3F3FC29E4FF7500AA6BA2 /* _706012110032_Micheila_Jiemesha_AFL_3UITestsLaunchTests.swift */ = {isa = PBXFileReference; lastKnownFileType = sourcecode.swift; path = _706012110032_Micheila_Jiemesha_AFL_3UITestsLaunchTests.swift; sourceTree = "<group>"; };
		04E3F40929E5023E00AA6BA2 /* CircleImage.swift */ = {isa = PBXFileReference; lastKnownFileType = sourcecode.swift; path = CircleImage.swift; sourceTree = "<group>"; };
		04E3F40B29E5029400AA6BA2 /* MapView.swift */ = {isa = PBXFileReference; lastKnownFileType = sourcecode.swift; path = MapView.swift; sourceTree = "<group>"; };
		04E3F40D29E5035100AA6BA2 /* landmarkData.json */ = {isa = PBXFileReference; fileEncoding = 4; lastKnownFileType = text.json; path = landmarkData.json; sourceTree = "<group>"; };
		04E3F40F29E5036200AA6BA2 /* Landmark.swift */ = {isa = PBXFileReference; lastKnownFileType = sourcecode.swift; path = Landmark.swift; sourceTree = "<group>"; };
		04E3F41129E503AA00AA6BA2 /* ModelData.swift */ = {isa = PBXFileReference; lastKnownFileType = sourcecode.swift; path = ModelData.swift; sourceTree = "<group>"; };
		04E3F41629E5042C00AA6BA2 /* LandmarkRow.swift */ = {isa = PBXFileReference; lastKnownFileType = sourcecode.swift; path = LandmarkRow.swift; sourceTree = "<group>"; };
		04E3F41829E5054500AA6BA2 /* LandmarkList.swift */ = {isa = PBXFileReference; lastKnownFileType = sourcecode.swift; path = LandmarkList.swift; sourceTree = "<group>"; };
		04E3F41A29E505F300AA6BA2 /* LandmarkDetail.swift */ = {isa = PBXFileReference; lastKnownFileType = sourcecode.swift; path = LandmarkDetail.swift; sourceTree = "<group>"; };
		04FED04329E8DA3500837F64 /* PageControl.swift */ = {isa = PBXFileReference; lastKnownFileType = sourcecode.swift; path = PageControl.swift; sourceTree = "<group>"; };
		04FED07729E8E1E800837F64 /* 0706012110032-Micheila Jiemesha-AFL 3-Watch Watch App.app */ = {isa = PBXFileReference; explicitFileType = wrapper.application; includeInIndex = 0; path = "0706012110032-Micheila Jiemesha-AFL 3-Watch Watch App.app"; sourceTree = BUILT_PRODUCTS_DIR; };
		04FED07929E8E1E800837F64 /* _706012110032_Micheila_Jiemesha_AFL_3_WatchApp.swift */ = {isa = PBXFileReference; lastKnownFileType = sourcecode.swift; path = _706012110032_Micheila_Jiemesha_AFL_3_WatchApp.swift; sourceTree = "<group>"; };
		04FED07B29E8E1E800837F64 /* ContentView.swift */ = {isa = PBXFileReference; lastKnownFileType = sourcecode.swift; path = ContentView.swift; sourceTree = "<group>"; };
		04FED07D29E8E1EA00837F64 /* Assets.xcassets */ = {isa = PBXFileReference; lastKnownFileType = folder.assetcatalog; path = Assets.xcassets; sourceTree = "<group>"; };
		04FED08029E8E1EA00837F64 /* Preview Assets.xcassets */ = {isa = PBXFileReference; lastKnownFileType = folder.assetcatalog; path = "Preview Assets.xcassets"; sourceTree = "<group>"; };
		04FED08629E8E1EB00837F64 /* 0706012110032-Micheila Jiemesha-AFL 3-Watch Watch AppTests.xctest */ = {isa = PBXFileReference; explicitFileType = wrapper.cfbundle; includeInIndex = 0; path = "0706012110032-Micheila Jiemesha-AFL 3-Watch Watch AppTests.xctest"; sourceTree = BUILT_PRODUCTS_DIR; };
		04FED08A29E8E1EB00837F64 /* _706012110032_Micheila_Jiemesha_AFL_3_Watch_Watch_AppTests.swift */ = {isa = PBXFileReference; lastKnownFileType = sourcecode.swift; path = _706012110032_Micheila_Jiemesha_AFL_3_Watch_Watch_AppTests.swift; sourceTree = "<group>"; };
		04FED09029E8E1EB00837F64 /* 0706012110032-Micheila Jiemesha-AFL 3-Watch Watch AppUITests.xctest */ = {isa = PBXFileReference; explicitFileType = wrapper.cfbundle; includeInIndex = 0; path = "0706012110032-Micheila Jiemesha-AFL 3-Watch Watch AppUITests.xctest"; sourceTree = BUILT_PRODUCTS_DIR; };
		04FED09429E8E1EB00837F64 /* _706012110032_Micheila_Jiemesha_AFL_3_Watch_Watch_AppUITests.swift */ = {isa = PBXFileReference; lastKnownFileType = sourcecode.swift; path = _706012110032_Micheila_Jiemesha_AFL_3_Watch_Watch_AppUITests.swift; sourceTree = "<group>"; };
		04FED09629E8E1EB00837F64 /* _706012110032_Micheila_Jiemesha_AFL_3_Watch_Watch_AppUITestsLaunchTests.swift */ = {isa = PBXFileReference; lastKnownFileType = sourcecode.swift; path = _706012110032_Micheila_Jiemesha_AFL_3_Watch_Watch_AppUITestsLaunchTests.swift; sourceTree = "<group>"; };
/* End PBXFileReference section */

/* Begin PBXFrameworksBuildPhase section */
		04E3F3D929E4FF7300AA6BA2 /* Frameworks */ = {
			isa = PBXFrameworksBuildPhase;
			buildActionMask = 2147483647;
			files = (
			);
			runOnlyForDeploymentPostprocessing = 0;
		};
		04E3F3E929E4FF7500AA6BA2 /* Frameworks */ = {
			isa = PBXFrameworksBuildPhase;
			buildActionMask = 2147483647;
			files = (
			);
			runOnlyForDeploymentPostprocessing = 0;
		};
		04E3F3F329E4FF7500AA6BA2 /* Frameworks */ = {
			isa = PBXFrameworksBuildPhase;
			buildActionMask = 2147483647;
			files = (
			);
			runOnlyForDeploymentPostprocessing = 0;
		};
		04FED07429E8E1E800837F64 /* Frameworks */ = {
			isa = PBXFrameworksBuildPhase;
			buildActionMask = 2147483647;
			files = (
			);
			runOnlyForDeploymentPostprocessing = 0;
		};
		04FED08329E8E1EB00837F64 /* Frameworks */ = {
			isa = PBXFrameworksBuildPhase;
			buildActionMask = 2147483647;
			files = (
			);
			runOnlyForDeploymentPostprocessing = 0;
		};
		04FED08D29E8E1EB00837F64 /* Frameworks */ = {
			isa = PBXFrameworksBuildPhase;
			buildActionMask = 2147483647;
			files = (
			);
			runOnlyForDeploymentPostprocessing = 0;
		};
/* End PBXFrameworksBuildPhase section */

/* Begin PBXGroup section */
		04BD5FCF29E826AB00E1B144 /* Landmarks */ = {
			isa = PBXGroup;
			children = (
				04E3F41629E5042C00AA6BA2 /* LandmarkRow.swift */,
				04E3F41829E5054500AA6BA2 /* LandmarkList.swift */,
				04E3F41A29E505F300AA6BA2 /* LandmarkDetail.swift */,
			);
			path = Landmarks;
			sourceTree = "<group>";
		};
		04BD5FD029E826BF00E1B144 /* Helpers */ = {
			isa = PBXGroup;
			children = (
				04BD5FCD29E8263F00E1B144 /* FavoriteButton.swift */,
				04E3F40929E5023E00AA6BA2 /* CircleImage.swift */,
				04E3F40B29E5029400AA6BA2 /* MapView.swift */,
				04BD5FFE29E8754000E1B144 /* FeatureCard.swift */,
			);
			path = Helpers;
			sourceTree = "<group>";
		};
		04BD5FDB29E848E800E1B144 /* Badges */ = {
			isa = PBXGroup;
			children = (
				04BD5FD329E8432100E1B144 /* BadgeBackground.swift */,
				04BD5FD129E82DDE00E1B144 /* HexagonParameters.swift */,
				04BD5FD529E8462B00E1B144 /* BadgeSymbol.swift */,
				04BD5FD729E8482900E1B144 /* RotatedBadgeSymbol.swift */,
				04BD5FD929E8489000E1B144 /* Badge.swift */,
			);
			path = Badges;
			sourceTree = "<group>";
		};
		04BD5FE029E849EB00E1B144 /* Hikes */ = {
			isa = PBXGroup;
			children = (
				04BD5FE129E849EB00E1B144 /* GraphCapsule.swift */,
				04BD5FE229E849EB00E1B144 /* HikeGraph.swift */,
				04BD5FE329E849EB00E1B144 /* HikeDetail.swift */,
				04BD5FE429E849EB00E1B144 /* HikeView.swift */,
				04BD5FF729E85B7A00E1B144 /* HikeBadge.swift */,
			);
			path = Hikes;
			sourceTree = "<group>";
		};
		04BD5FE929E84FA600E1B144 /* Categories */ = {
			isa = PBXGroup;
			children = (
				04BD5FEA29E8503700E1B144 /* CategoryHome.swift */,
				04BD5FEC29E854CD00E1B144 /* CategoryRow.swift */,
				04BD5FEE29E8555A00E1B144 /* CategoryItem.swift */,
			);
			path = Categories;
			sourceTree = "<group>";
		};
		04BD5FF229E85A9400E1B144 /* Profiles */ = {
			isa = PBXGroup;
			children = (
				04BD5FF329E85AAA00E1B144 /* ProfileHost.swift */,
				04BD5FF529E85B3500E1B144 /* ProfileSummary.swift */,
				04BD5FF929E85D8500E1B144 /* ProfileEditor.swift */,
			);
			path = Profiles;
			sourceTree = "<group>";
		};
		04BD5FFB29E8741900E1B144 /* PageView */ = {
			isa = PBXGroup;
			children = (
				04BD5FFC29E8743900E1B144 /* PageViewController.swift */,
				04BD600029E8757300E1B144 /* PageView.swift */,
				04FED04329E8DA3500837F64 /* PageControl.swift */,
			);
			path = PageView;
			sourceTree = "<group>";
		};
		04E3F3D329E4FF7300AA6BA2 = {
			isa = PBXGroup;
			children = (
				04E3F3DE29E4FF7300AA6BA2 /* 0706012110032-Micheila Jiemesha-AFL 3 */,
				04E3F3EF29E4FF7500AA6BA2 /* 0706012110032-Micheila Jiemesha-AFL 3Tests */,
				04E3F3F929E4FF7500AA6BA2 /* 0706012110032-Micheila Jiemesha-AFL 3UITests */,
				04FED07829E8E1E800837F64 /* 0706012110032-Micheila Jiemesha-AFL 3-Watch Watch App */,
				04FED08929E8E1EB00837F64 /* 0706012110032-Micheila Jiemesha-AFL 3-Watch Watch AppTests */,
				04FED09329E8E1EB00837F64 /* 0706012110032-Micheila Jiemesha-AFL 3-Watch Watch AppUITests */,
				04E3F3DD29E4FF7300AA6BA2 /* Products */,
			);
			sourceTree = "<group>";
		};
		04E3F3DD29E4FF7300AA6BA2 /* Products */ = {
			isa = PBXGroup;
			children = (
				04E3F3DC29E4FF7300AA6BA2 /* 0706012110032-Micheila Jiemesha-AFL 3.app */,
				04E3F3EC29E4FF7500AA6BA2 /* 0706012110032-Micheila Jiemesha-AFL 3Tests.xctest */,
				04E3F3F629E4FF7500AA6BA2 /* 0706012110032-Micheila Jiemesha-AFL 3UITests.xctest */,
				04FED07729E8E1E800837F64 /* 0706012110032-Micheila Jiemesha-AFL 3-Watch Watch App.app */,
				04FED08629E8E1EB00837F64 /* 0706012110032-Micheila Jiemesha-AFL 3-Watch Watch AppTests.xctest */,
				04FED09029E8E1EB00837F64 /* 0706012110032-Micheila Jiemesha-AFL 3-Watch Watch AppUITests.xctest */,
			);
			name = Products;
			sourceTree = "<group>";
		};
		04E3F3DE29E4FF7300AA6BA2 /* 0706012110032-Micheila Jiemesha-AFL 3 */ = {
			isa = PBXGroup;
			children = (
				04E3F41529E503E200AA6BA2 /* Resources */,
				04E3F41429E503D600AA6BA2 /* Model */,
				04E3F41329E503C100AA6BA2 /* Views */,
				04E3F3DF29E4FF7300AA6BA2 /* _706012110032_Micheila_Jiemesha_AFL_3App.swift */,
				04E3F3E329E4FF7500AA6BA2 /* Assets.xcassets */,
				04E3F3E529E4FF7500AA6BA2 /* Preview Content */,
			);
			path = "0706012110032-Micheila Jiemesha-AFL 3";
			sourceTree = "<group>";
		};
		04E3F3E529E4FF7500AA6BA2 /* Preview Content */ = {
			isa = PBXGroup;
			children = (
				04E3F3E629E4FF7500AA6BA2 /* Preview Assets.xcassets */,
			);
			path = "Preview Content";
			sourceTree = "<group>";
		};
		04E3F3EF29E4FF7500AA6BA2 /* 0706012110032-Micheila Jiemesha-AFL 3Tests */ = {
			isa = PBXGroup;
			children = (
				04E3F3F029E4FF7500AA6BA2 /* _706012110032_Micheila_Jiemesha_AFL_3Tests.swift */,
			);
			path = "0706012110032-Micheila Jiemesha-AFL 3Tests";
			sourceTree = "<group>";
		};
		04E3F3F929E4FF7500AA6BA2 /* 0706012110032-Micheila Jiemesha-AFL 3UITests */ = {
			isa = PBXGroup;
			children = (
				04E3F3FA29E4FF7500AA6BA2 /* _706012110032_Micheila_Jiemesha_AFL_3UITests.swift */,
				04E3F3FC29E4FF7500AA6BA2 /* _706012110032_Micheila_Jiemesha_AFL_3UITestsLaunchTests.swift */,
			);
			path = "0706012110032-Micheila Jiemesha-AFL 3UITests";
			sourceTree = "<group>";
		};
		04E3F41329E503C100AA6BA2 /* Views */ = {
			isa = PBXGroup;
			children = (
				04BD5FFB29E8741900E1B144 /* PageView */,
				04BD5FF229E85A9400E1B144 /* Profiles */,
				04BD5FE929E84FA600E1B144 /* Categories */,
				04BD5FE029E849EB00E1B144 /* Hikes */,
				04BD5FDB29E848E800E1B144 /* Badges */,
				04BD5FD029E826BF00E1B144 /* Helpers */,
				04BD5FCF29E826AB00E1B144 /* Landmarks */,
				04E3F3E129E4FF7300AA6BA2 /* ContentView.swift */,
			);
			path = Views;
			sourceTree = "<group>";
		};
		04E3F41429E503D600AA6BA2 /* Model */ = {
			isa = PBXGroup;
			children = (
				04E3F40F29E5036200AA6BA2 /* Landmark.swift */,
				04E3F41129E503AA00AA6BA2 /* ModelData.swift */,
				04BD5FDE29E849A200E1B144 /* Hike.swift */,
				04BD5FF029E85A6900E1B144 /* Profile.swift */,
			);
			path = Model;
			sourceTree = "<group>";
		};
		04E3F41529E503E200AA6BA2 /* Resources */ = {
			isa = PBXGroup;
			children = (
				04BD5FDC29E8494D00E1B144 /* hikeData.json */,
				04E3F40D29E5035100AA6BA2 /* landmarkData.json */,
			);
			path = Resources;
			sourceTree = "<group>";
		};
		04FED07829E8E1E800837F64 /* 0706012110032-Micheila Jiemesha-AFL 3-Watch Watch App */ = {
			isa = PBXGroup;
			children = (
				04FED07929E8E1E800837F64 /* _706012110032_Micheila_Jiemesha_AFL_3_WatchApp.swift */,
				04FED07B29E8E1E800837F64 /* ContentView.swift */,
				04FED07D29E8E1EA00837F64 /* Assets.xcassets */,
				04FED07F29E8E1EA00837F64 /* Preview Content */,
			);
			path = "0706012110032-Micheila Jiemesha-AFL 3-Watch Watch App";
			sourceTree = "<group>";
		};
		04FED07F29E8E1EA00837F64 /* Preview Content */ = {
			isa = PBXGroup;
			children = (
				04FED08029E8E1EA00837F64 /* Preview Assets.xcassets */,
			);
			path = "Preview Content";
			sourceTree = "<group>";
		};
		04FED08929E8E1EB00837F64 /* 0706012110032-Micheila Jiemesha-AFL 3-Watch Watch AppTests */ = {
			isa = PBXGroup;
			children = (
				04FED08A29E8E1EB00837F64 /* _706012110032_Micheila_Jiemesha_AFL_3_Watch_Watch_AppTests.swift */,
			);
			path = "0706012110032-Micheila Jiemesha-AFL 3-Watch Watch AppTests";
			sourceTree = "<group>";
		};
		04FED09329E8E1EB00837F64 /* 0706012110032-Micheila Jiemesha-AFL 3-Watch Watch AppUITests */ = {
			isa = PBXGroup;
			children = (
				04FED09429E8E1EB00837F64 /* _706012110032_Micheila_Jiemesha_AFL_3_Watch_Watch_AppUITests.swift */,
				04FED09629E8E1EB00837F64 /* _706012110032_Micheila_Jiemesha_AFL_3_Watch_Watch_AppUITestsLaunchTests.swift */,
			);
			path = "0706012110032-Micheila Jiemesha-AFL 3-Watch Watch AppUITests";
			sourceTree = "<group>";
		};
/* End PBXGroup section */

/* Begin PBXNativeTarget section */
		04E3F3DB29E4FF7300AA6BA2 /* 0706012110032-Micheila Jiemesha-AFL 3 */ = {
			isa = PBXNativeTarget;
			buildConfigurationList = 04E3F40029E4FF7500AA6BA2 /* Build configuration list for PBXNativeTarget "0706012110032-Micheila Jiemesha-AFL 3" */;
			buildPhases = (
				04E3F3D829E4FF7300AA6BA2 /* Sources */,
				04E3F3D929E4FF7300AA6BA2 /* Frameworks */,
				04E3F3DA29E4FF7300AA6BA2 /* Resources */,
			);
			buildRules = (
			);
			dependencies = (
			);
			name = "0706012110032-Micheila Jiemesha-AFL 3";
			productName = "0706012110032-Micheila Jiemesha-AFL 3";
			productReference = 04E3F3DC29E4FF7300AA6BA2 /* 0706012110032-Micheila Jiemesha-AFL 3.app */;
			productType = "com.apple.product-type.application";
		};
		04E3F3EB29E4FF7500AA6BA2 /* 0706012110032-Micheila Jiemesha-AFL 3Tests */ = {
			isa = PBXNativeTarget;
			buildConfigurationList = 04E3F40329E4FF7500AA6BA2 /* Build configuration list for PBXNativeTarget "0706012110032-Micheila Jiemesha-AFL 3Tests" */;
			buildPhases = (
				04E3F3E829E4FF7500AA6BA2 /* Sources */,
				04E3F3E929E4FF7500AA6BA2 /* Frameworks */,
				04E3F3EA29E4FF7500AA6BA2 /* Resources */,
			);
			buildRules = (
			);
			dependencies = (
				04E3F3EE29E4FF7500AA6BA2 /* PBXTargetDependency */,
			);
			name = "0706012110032-Micheila Jiemesha-AFL 3Tests";
			productName = "0706012110032-Micheila Jiemesha-AFL 3Tests";
			productReference = 04E3F3EC29E4FF7500AA6BA2 /* 0706012110032-Micheila Jiemesha-AFL 3Tests.xctest */;
			productType = "com.apple.product-type.bundle.unit-test";
		};
		04E3F3F529E4FF7500AA6BA2 /* 0706012110032-Micheila Jiemesha-AFL 3UITests */ = {
			isa = PBXNativeTarget;
			buildConfigurationList = 04E3F40629E4FF7500AA6BA2 /* Build configuration list for PBXNativeTarget "0706012110032-Micheila Jiemesha-AFL 3UITests" */;
			buildPhases = (
				04E3F3F229E4FF7500AA6BA2 /* Sources */,
				04E3F3F329E4FF7500AA6BA2 /* Frameworks */,
				04E3F3F429E4FF7500AA6BA2 /* Resources */,
			);
			buildRules = (
			);
			dependencies = (
				04E3F3F829E4FF7500AA6BA2 /* PBXTargetDependency */,
			);
			name = "0706012110032-Micheila Jiemesha-AFL 3UITests";
			productName = "0706012110032-Micheila Jiemesha-AFL 3UITests";
			productReference = 04E3F3F629E4FF7500AA6BA2 /* 0706012110032-Micheila Jiemesha-AFL 3UITests.xctest */;
			productType = "com.apple.product-type.bundle.ui-testing";
		};
		04FED07629E8E1E800837F64 /* 0706012110032-Micheila Jiemesha-AFL 3-Watch Watch App */ = {
			isa = PBXNativeTarget;
			buildConfigurationList = 04FED09E29E8E1EB00837F64 /* Build configuration list for PBXNativeTarget "0706012110032-Micheila Jiemesha-AFL 3-Watch Watch App" */;
			buildPhases = (
				04FED07329E8E1E800837F64 /* Sources */,
				04FED07429E8E1E800837F64 /* Frameworks */,
				04FED07529E8E1E800837F64 /* Resources */,
			);
			buildRules = (
			);
			dependencies = (
			);
			name = "0706012110032-Micheila Jiemesha-AFL 3-Watch Watch App";
			productName = "0706012110032-Micheila Jiemesha-AFL 3-Watch Watch App";
			productReference = 04FED07729E8E1E800837F64 /* 0706012110032-Micheila Jiemesha-AFL 3-Watch Watch App.app */;
			productType = "com.apple.product-type.application";
		};
		04FED08529E8E1EB00837F64 /* 0706012110032-Micheila Jiemesha-AFL 3-Watch Watch AppTests */ = {
			isa = PBXNativeTarget;
			buildConfigurationList = 04FED09F29E8E1EB00837F64 /* Build configuration list for PBXNativeTarget "0706012110032-Micheila Jiemesha-AFL 3-Watch Watch AppTests" */;
			buildPhases = (
				04FED08229E8E1EB00837F64 /* Sources */,
				04FED08329E8E1EB00837F64 /* Frameworks */,
				04FED08429E8E1EB00837F64 /* Resources */,
			);
			buildRules = (
			);
			dependencies = (
				04FED08829E8E1EB00837F64 /* PBXTargetDependency */,
			);
			name = "0706012110032-Micheila Jiemesha-AFL 3-Watch Watch AppTests";
			productName = "0706012110032-Micheila Jiemesha-AFL 3-Watch Watch AppTests";
			productReference = 04FED08629E8E1EB00837F64 /* 0706012110032-Micheila Jiemesha-AFL 3-Watch Watch AppTests.xctest */;
			productType = "com.apple.product-type.bundle.unit-test";
		};
		04FED08F29E8E1EB00837F64 /* 0706012110032-Micheila Jiemesha-AFL 3-Watch Watch AppUITests */ = {
			isa = PBXNativeTarget;
			buildConfigurationList = 04FED0A029E8E1EB00837F64 /* Build configuration list for PBXNativeTarget "0706012110032-Micheila Jiemesha-AFL 3-Watch Watch AppUITests" */;
			buildPhases = (
				04FED08C29E8E1EB00837F64 /* Sources */,
				04FED08D29E8E1EB00837F64 /* Frameworks */,
				04FED08E29E8E1EB00837F64 /* Resources */,
			);
			buildRules = (
			);
			dependencies = (
				04FED09229E8E1EB00837F64 /* PBXTargetDependency */,
			);
			name = "0706012110032-Micheila Jiemesha-AFL 3-Watch Watch AppUITests";
			productName = "0706012110032-Micheila Jiemesha-AFL 3-Watch Watch AppUITests";
			productReference = 04FED09029E8E1EB00837F64 /* 0706012110032-Micheila Jiemesha-AFL 3-Watch Watch AppUITests.xctest */;
			productType = "com.apple.product-type.bundle.ui-testing";
		};
/* End PBXNativeTarget section */

/* Begin PBXProject section */
		04E3F3D429E4FF7300AA6BA2 /* Project object */ = {
			isa = PBXProject;
			attributes = {
				BuildIndependentTargetsInParallel = 1;
				LastSwiftUpdateCheck = 1420;
				LastUpgradeCheck = 1420;
				TargetAttributes = {
					04E3F3DB29E4FF7300AA6BA2 = {
						CreatedOnToolsVersion = 14.2;
					};
					04E3F3EB29E4FF7500AA6BA2 = {
						CreatedOnToolsVersion = 14.2;
						TestTargetID = 04E3F3DB29E4FF7300AA6BA2;
					};
					04E3F3F529E4FF7500AA6BA2 = {
						CreatedOnToolsVersion = 14.2;
						TestTargetID = 04E3F3DB29E4FF7300AA6BA2;
					};
					04FED07629E8E1E800837F64 = {
						CreatedOnToolsVersion = 14.2;
					};
					04FED08529E8E1EB00837F64 = {
						CreatedOnToolsVersion = 14.2;
						TestTargetID = 04FED07629E8E1E800837F64;
					};
					04FED08F29E8E1EB00837F64 = {
						CreatedOnToolsVersion = 14.2;
						TestTargetID = 04FED07629E8E1E800837F64;
					};
				};
			};
			buildConfigurationList = 04E3F3D729E4FF7300AA6BA2 /* Build configuration list for PBXProject "0706012110032-Micheila Jiemesha-AFL 3" */;
			compatibilityVersion = "Xcode 14.0";
			developmentRegion = en;
			hasScannedForEncodings = 0;
			knownRegions = (
				en,
				Base,
			);
			mainGroup = 04E3F3D329E4FF7300AA6BA2;
			productRefGroup = 04E3F3DD29E4FF7300AA6BA2 /* Products */;
			projectDirPath = "";
			projectRoot = "";
			targets = (
				04E3F3DB29E4FF7300AA6BA2 /* 0706012110032-Micheila Jiemesha-AFL 3 */,
				04E3F3EB29E4FF7500AA6BA2 /* 0706012110032-Micheila Jiemesha-AFL 3Tests */,
				04E3F3F529E4FF7500AA6BA2 /* 0706012110032-Micheila Jiemesha-AFL 3UITests */,
				04FED07629E8E1E800837F64 /* 0706012110032-Micheila Jiemesha-AFL 3-Watch Watch App */,
				04FED08529E8E1EB00837F64 /* 0706012110032-Micheila Jiemesha-AFL 3-Watch Watch AppTests */,
				04FED08F29E8E1EB00837F64 /* 0706012110032-Micheila Jiemesha-AFL 3-Watch Watch AppUITests */,
			);
		};
/* End PBXProject section */

/* Begin PBXResourcesBuildPhase section */
		04E3F3DA29E4FF7300AA6BA2 /* Resources */ = {
			isa = PBXResourcesBuildPhase;
			buildActionMask = 2147483647;
			files = (
				04BD5FDD29E8494D00E1B144 /* hikeData.json in Resources */,
				04E3F3E729E4FF7500AA6BA2 /* Preview Assets.xcassets in Resources */,
				04E3F3E429E4FF7500AA6BA2 /* Assets.xcassets in Resources */,
				04E3F40E29E5035100AA6BA2 /* landmarkData.json in Resources */,
			);
			runOnlyForDeploymentPostprocessing = 0;
		};
		04E3F3EA29E4FF7500AA6BA2 /* Resources */ = {
			isa = PBXResourcesBuildPhase;
			buildActionMask = 2147483647;
			files = (
			);
			runOnlyForDeploymentPostprocessing = 0;
		};
		04E3F3F429E4FF7500AA6BA2 /* Resources */ = {
			isa = PBXResourcesBuildPhase;
			buildActionMask = 2147483647;
			files = (
			);
			runOnlyForDeploymentPostprocessing = 0;
		};
		04FED07529E8E1E800837F64 /* Resources */ = {
			isa = PBXResourcesBuildPhase;
			buildActionMask = 2147483647;
			files = (
				04FED08129E8E1EA00837F64 /* Preview Assets.xcassets in Resources */,
				04FED07E29E8E1EA00837F64 /* Assets.xcassets in Resources */,
			);
			runOnlyForDeploymentPostprocessing = 0;
		};
		04FED08429E8E1EB00837F64 /* Resources */ = {
			isa = PBXResourcesBuildPhase;
			buildActionMask = 2147483647;
			files = (
			);
			runOnlyForDeploymentPostprocessing = 0;
		};
		04FED08E29E8E1EB00837F64 /* Resources */ = {
			isa = PBXResourcesBuildPhase;
			buildActionMask = 2147483647;
			files = (
			);
			runOnlyForDeploymentPostprocessing = 0;
		};
/* End PBXResourcesBuildPhase section */

/* Begin PBXSourcesBuildPhase section */
		04E3F3D829E4FF7300AA6BA2 /* Sources */ = {
			isa = PBXSourcesBuildPhase;
			buildActionMask = 2147483647;
			files = (
				04BD5FED29E854CD00E1B144 /* CategoryRow.swift in Sources */,
				04BD5FF129E85A6900E1B144 /* Profile.swift in Sources */,
				04E3F3E229E4FF7300AA6BA2 /* ContentView.swift in Sources */,
				04BD5FEB29E8503700E1B144 /* CategoryHome.swift in Sources */,
				04BD5FFF29E8754000E1B144 /* FeatureCard.swift in Sources */,
				04BD5FE629E849EB00E1B144 /* HikeGraph.swift in Sources */,
				04BD5FDA29E8489000E1B144 /* Badge.swift in Sources */,
				04E3F40C29E5029400AA6BA2 /* MapView.swift in Sources */,
				04BD5FE529E849EB00E1B144 /* GraphCapsule.swift in Sources */,
				04E3F3E029E4FF7300AA6BA2 /* _706012110032_Micheila_Jiemesha_AFL_3App.swift in Sources */,
				04FED04429E8DA3500837F64 /* PageControl.swift in Sources */,
				04BD5FCE29E8264000E1B144 /* FavoriteButton.swift in Sources */,
				04BD5FEF29E8555A00E1B144 /* CategoryItem.swift in Sources */,
				04BD5FE729E849EB00E1B144 /* HikeDetail.swift in Sources */,
				04BD5FF629E85B3500E1B144 /* ProfileSummary.swift in Sources */,
				04BD5FD229E82DDE00E1B144 /* HexagonParameters.swift in Sources */,
				04BD5FF429E85AAA00E1B144 /* ProfileHost.swift in Sources */,
				04BD5FDF29E849A200E1B144 /* Hike.swift in Sources */,
				04BD5FD829E8482900E1B144 /* RotatedBadgeSymbol.swift in Sources */,
				04BD600129E8757300E1B144 /* PageView.swift in Sources */,
				04BD5FD629E8462B00E1B144 /* BadgeSymbol.swift in Sources */,
				04BD5FFA29E85D8500E1B144 /* ProfileEditor.swift in Sources */,
				04E3F41929E5054500AA6BA2 /* LandmarkList.swift in Sources */,
				04BD5FE829E849EB00E1B144 /* HikeView.swift in Sources */,
				04E3F41B29E505F300AA6BA2 /* LandmarkDetail.swift in Sources */,
				04BD5FFD29E8743900E1B144 /* PageViewController.swift in Sources */,
				04BD5FD429E8432100E1B144 /* BadgeBackground.swift in Sources */,
				04BD5FF829E85B7A00E1B144 /* HikeBadge.swift in Sources */,
				04E3F40A29E5023E00AA6BA2 /* CircleImage.swift in Sources */,
				04E3F41029E5036200AA6BA2 /* Landmark.swift in Sources */,
				04E3F41729E5042C00AA6BA2 /* LandmarkRow.swift in Sources */,
				04E3F41229E503AA00AA6BA2 /* ModelData.swift in Sources */,
			);
			runOnlyForDeploymentPostprocessing = 0;
		};
		04E3F3E829E4FF7500AA6BA2 /* Sources */ = {
			isa = PBXSourcesBuildPhase;
			buildActionMask = 2147483647;
			files = (
				04E3F3F129E4FF7500AA6BA2 /* _706012110032_Micheila_Jiemesha_AFL_3Tests.swift in Sources */,
			);
			runOnlyForDeploymentPostprocessing = 0;
		};
		04E3F3F229E4FF7500AA6BA2 /* Sources */ = {
			isa = PBXSourcesBuildPhase;
			buildActionMask = 2147483647;
			files = (
				04E3F3FB29E4FF7500AA6BA2 /* _706012110032_Micheila_Jiemesha_AFL_3UITests.swift in Sources */,
				04E3F3FD29E4FF7500AA6BA2 /* _706012110032_Micheila_Jiemesha_AFL_3UITestsLaunchTests.swift in Sources */,
			);
			runOnlyForDeploymentPostprocessing = 0;
		};
		04FED07329E8E1E800837F64 /* Sources */ = {
			isa = PBXSourcesBuildPhase;
			buildActionMask = 2147483647;
			files = (
				04FED07C29E8E1E800837F64 /* ContentView.swift in Sources */,
				04FED07A29E8E1E800837F64 /* _706012110032_Micheila_Jiemesha_AFL_3_WatchApp.swift in Sources */,
			);
			runOnlyForDeploymentPostprocessing = 0;
		};
		04FED08229E8E1EB00837F64 /* Sources */ = {
			isa = PBXSourcesBuildPhase;
			buildActionMask = 2147483647;
			files = (
				04FED08B29E8E1EB00837F64 /* _706012110032_Micheila_Jiemesha_AFL_3_Watch_Watch_AppTests.swift in Sources */,
			);
			runOnlyForDeploymentPostprocessing = 0;
		};
		04FED08C29E8E1EB00837F64 /* Sources */ = {
			isa = PBXSourcesBuildPhase;
			buildActionMask = 2147483647;
			files = (
				04FED09529E8E1EB00837F64 /* _706012110032_Micheila_Jiemesha_AFL_3_Watch_Watch_AppUITests.swift in Sources */,
				04FED09729E8E1EB00837F64 /* _706012110032_Micheila_Jiemesha_AFL_3_Watch_Watch_AppUITestsLaunchTests.swift in Sources */,
			);
			runOnlyForDeploymentPostprocessing = 0;
		};
/* End PBXSourcesBuildPhase section */

/* Begin PBXTargetDependency section */
		04E3F3EE29E4FF7500AA6BA2 /* PBXTargetDependency */ = {
			isa = PBXTargetDependency;
			target = 04E3F3DB29E4FF7300AA6BA2 /* 0706012110032-Micheila Jiemesha-AFL 3 */;
			targetProxy = 04E3F3ED29E4FF7500AA6BA2 /* PBXContainerItemProxy */;
		};
		04E3F3F829E4FF7500AA6BA2 /* PBXTargetDependency */ = {
			isa = PBXTargetDependency;
			target = 04E3F3DB29E4FF7300AA6BA2 /* 0706012110032-Micheila Jiemesha-AFL 3 */;
			targetProxy = 04E3F3F729E4FF7500AA6BA2 /* PBXContainerItemProxy */;
		};
		04FED08829E8E1EB00837F64 /* PBXTargetDependency */ = {
			isa = PBXTargetDependency;
			target = 04FED07629E8E1E800837F64 /* 0706012110032-Micheila Jiemesha-AFL 3-Watch Watch App */;
			targetProxy = 04FED08729E8E1EB00837F64 /* PBXContainerItemProxy */;
		};
		04FED09229E8E1EB00837F64 /* PBXTargetDependency */ = {
			isa = PBXTargetDependency;
			target = 04FED07629E8E1E800837F64 /* 0706012110032-Micheila Jiemesha-AFL 3-Watch Watch App */;
			targetProxy = 04FED09129E8E1EB00837F64 /* PBXContainerItemProxy */;
		};
/* End PBXTargetDependency section */

/* Begin XCBuildConfiguration section */
		04E3F3FE29E4FF7500AA6BA2 /* Debug */ = {
			isa = XCBuildConfiguration;
			buildSettings = {
				ALWAYS_SEARCH_USER_PATHS = NO;
				CLANG_ANALYZER_NONNULL = YES;
				CLANG_ANALYZER_NUMBER_OBJECT_CONVERSION = YES_AGGRESSIVE;
				CLANG_CXX_LANGUAGE_STANDARD = "gnu++20";
				CLANG_ENABLE_MODULES = YES;
				CLANG_ENABLE_OBJC_ARC = YES;
				CLANG_ENABLE_OBJC_WEAK = YES;
				CLANG_WARN_BLOCK_CAPTURE_AUTORELEASING = YES;
				CLANG_WARN_BOOL_CONVERSION = YES;
				CLANG_WARN_COMMA = YES;
				CLANG_WARN_CONSTANT_CONVERSION = YES;
				CLANG_WARN_DEPRECATED_OBJC_IMPLEMENTATIONS = YES;
				CLANG_WARN_DIRECT_OBJC_ISA_USAGE = YES_ERROR;
				CLANG_WARN_DOCUMENTATION_COMMENTS = YES;
				CLANG_WARN_EMPTY_BODY = YES;
				CLANG_WARN_ENUM_CONVERSION = YES;
				CLANG_WARN_INFINITE_RECURSION = YES;
				CLANG_WARN_INT_CONVERSION = YES;
				CLANG_WARN_NON_LITERAL_NULL_CONVERSION = YES;
				CLANG_WARN_OBJC_IMPLICIT_RETAIN_SELF = YES;
				CLANG_WARN_OBJC_LITERAL_CONVERSION = YES;
				CLANG_WARN_OBJC_ROOT_CLASS = YES_ERROR;
				CLANG_WARN_QUOTED_INCLUDE_IN_FRAMEWORK_HEADER = YES;
				CLANG_WARN_RANGE_LOOP_ANALYSIS = YES;
				CLANG_WARN_STRICT_PROTOTYPES = YES;
				CLANG_WARN_SUSPICIOUS_MOVE = YES;
				CLANG_WARN_UNGUARDED_AVAILABILITY = YES_AGGRESSIVE;
				CLANG_WARN_UNREACHABLE_CODE = YES;
				CLANG_WARN__DUPLICATE_METHOD_MATCH = YES;
				COPY_PHASE_STRIP = NO;
				DEBUG_INFORMATION_FORMAT = dwarf;
				ENABLE_STRICT_OBJC_MSGSEND = YES;
				ENABLE_TESTABILITY = YES;
				GCC_C_LANGUAGE_STANDARD = gnu11;
				GCC_DYNAMIC_NO_PIC = NO;
				GCC_NO_COMMON_BLOCKS = YES;
				GCC_OPTIMIZATION_LEVEL = 0;
				GCC_PREPROCESSOR_DEFINITIONS = (
					"DEBUG=1",
					"$(inherited)",
				);
				GCC_WARN_64_TO_32_BIT_CONVERSION = YES;
				GCC_WARN_ABOUT_RETURN_TYPE = YES_ERROR;
				GCC_WARN_UNDECLARED_SELECTOR = YES;
				GCC_WARN_UNINITIALIZED_AUTOS = YES_AGGRESSIVE;
				GCC_WARN_UNUSED_FUNCTION = YES;
				GCC_WARN_UNUSED_VARIABLE = YES;
				IPHONEOS_DEPLOYMENT_TARGET = 16.2;
				MTL_ENABLE_DEBUG_INFO = INCLUDE_SOURCE;
				MTL_FAST_MATH = YES;
				ONLY_ACTIVE_ARCH = YES;
				SDKROOT = iphoneos;
				SWIFT_ACTIVE_COMPILATION_CONDITIONS = DEBUG;
				SWIFT_OPTIMIZATION_LEVEL = "-Onone";
			};
			name = Debug;
		};
		04E3F3FF29E4FF7500AA6BA2 /* Release */ = {
			isa = XCBuildConfiguration;
			buildSettings = {
				ALWAYS_SEARCH_USER_PATHS = NO;
				CLANG_ANALYZER_NONNULL = YES;
				CLANG_ANALYZER_NUMBER_OBJECT_CONVERSION = YES_AGGRESSIVE;
				CLANG_CXX_LANGUAGE_STANDARD = "gnu++20";
				CLANG_ENABLE_MODULES = YES;
				CLANG_ENABLE_OBJC_ARC = YES;
				CLANG_ENABLE_OBJC_WEAK = YES;
				CLANG_WARN_BLOCK_CAPTURE_AUTORELEASING = YES;
				CLANG_WARN_BOOL_CONVERSION = YES;
				CLANG_WARN_COMMA = YES;
				CLANG_WARN_CONSTANT_CONVERSION = YES;
				CLANG_WARN_DEPRECATED_OBJC_IMPLEMENTATIONS = YES;
				CLANG_WARN_DIRECT_OBJC_ISA_USAGE = YES_ERROR;
				CLANG_WARN_DOCUMENTATION_COMMENTS = YES;
				CLANG_WARN_EMPTY_BODY = YES;
				CLANG_WARN_ENUM_CONVERSION = YES;
				CLANG_WARN_INFINITE_RECURSION = YES;
				CLANG_WARN_INT_CONVERSION = YES;
				CLANG_WARN_NON_LITERAL_NULL_CONVERSION = YES;
				CLANG_WARN_OBJC_IMPLICIT_RETAIN_SELF = YES;
				CLANG_WARN_OBJC_LITERAL_CONVERSION = YES;
				CLANG_WARN_OBJC_ROOT_CLASS = YES_ERROR;
				CLANG_WARN_QUOTED_INCLUDE_IN_FRAMEWORK_HEADER = YES;
				CLANG_WARN_RANGE_LOOP_ANALYSIS = YES;
				CLANG_WARN_STRICT_PROTOTYPES = YES;
				CLANG_WARN_SUSPICIOUS_MOVE = YES;
				CLANG_WARN_UNGUARDED_AVAILABILITY = YES_AGGRESSIVE;
				CLANG_WARN_UNREACHABLE_CODE = YES;
				CLANG_WARN__DUPLICATE_METHOD_MATCH = YES;
				COPY_PHASE_STRIP = NO;
				DEBUG_INFORMATION_FORMAT = "dwarf-with-dsym";
				ENABLE_NS_ASSERTIONS = NO;
				ENABLE_STRICT_OBJC_MSGSEND = YES;
				GCC_C_LANGUAGE_STANDARD = gnu11;
				GCC_NO_COMMON_BLOCKS = YES;
				GCC_WARN_64_TO_32_BIT_CONVERSION = YES;
				GCC_WARN_ABOUT_RETURN_TYPE = YES_ERROR;
				GCC_WARN_UNDECLARED_SELECTOR = YES;
				GCC_WARN_UNINITIALIZED_AUTOS = YES_AGGRESSIVE;
				GCC_WARN_UNUSED_FUNCTION = YES;
				GCC_WARN_UNUSED_VARIABLE = YES;
				IPHONEOS_DEPLOYMENT_TARGET = 16.2;
				MTL_ENABLE_DEBUG_INFO = NO;
				MTL_FAST_MATH = YES;
				SDKROOT = iphoneos;
				SWIFT_COMPILATION_MODE = wholemodule;
				SWIFT_OPTIMIZATION_LEVEL = "-O";
				VALIDATE_PRODUCT = YES;
			};
			name = Release;
		};
		04E3F40129E4FF7500AA6BA2 /* Debug */ = {
			isa = XCBuildConfiguration;
			buildSettings = {
				ASSETCATALOG_COMPILER_APPICON_NAME = AppIcon;
				ASSETCATALOG_COMPILER_GLOBAL_ACCENT_COLOR_NAME = AccentColor;
				CODE_SIGN_STYLE = Automatic;
				CURRENT_PROJECT_VERSION = 1;
				DEVELOPMENT_ASSET_PATHS = "\"0706012110032-Micheila Jiemesha-AFL 3/Preview Content\"";
				DEVELOPMENT_TEAM = 9KGU3SB5D7;
				ENABLE_PREVIEWS = YES;
				GENERATE_INFOPLIST_FILE = YES;
				INFOPLIST_KEY_UIApplicationSceneManifest_Generation = YES;
				INFOPLIST_KEY_UIApplicationSupportsIndirectInputEvents = YES;
				INFOPLIST_KEY_UILaunchScreen_Generation = YES;
				INFOPLIST_KEY_UISupportedInterfaceOrientations_iPad = "UIInterfaceOrientationPortrait UIInterfaceOrientationPortraitUpsideDown UIInterfaceOrientationLandscapeLeft UIInterfaceOrientationLandscapeRight";
				INFOPLIST_KEY_UISupportedInterfaceOrientations_iPhone = "UIInterfaceOrientationPortrait UIInterfaceOrientationLandscapeLeft UIInterfaceOrientationLandscapeRight";
				LD_RUNPATH_SEARCH_PATHS = (
					"$(inherited)",
					"@executable_path/Frameworks",
				);
				MARKETING_VERSION = 1.0;
				PRODUCT_BUNDLE_IDENTIFIER = "imtuc.-706012110032-Micheila-Jiemesha-AFL-3";
				PRODUCT_NAME = "$(TARGET_NAME)";
				SWIFT_EMIT_LOC_STRINGS = YES;
				SWIFT_VERSION = 5.0;
				TARGETED_DEVICE_FAMILY = "1,2";
			};
			name = Debug;
		};
		04E3F40229E4FF7500AA6BA2 /* Release */ = {
			isa = XCBuildConfiguration;
			buildSettings = {
				ASSETCATALOG_COMPILER_APPICON_NAME = AppIcon;
				ASSETCATALOG_COMPILER_GLOBAL_ACCENT_COLOR_NAME = AccentColor;
				CODE_SIGN_STYLE = Automatic;
				CURRENT_PROJECT_VERSION = 1;
				DEVELOPMENT_ASSET_PATHS = "\"0706012110032-Micheila Jiemesha-AFL 3/Preview Content\"";
				DEVELOPMENT_TEAM = 9KGU3SB5D7;
				ENABLE_PREVIEWS = YES;
				GENERATE_INFOPLIST_FILE = YES;
				INFOPLIST_KEY_UIApplicationSceneManifest_Generation = YES;
				INFOPLIST_KEY_UIApplicationSupportsIndirectInputEvents = YES;
				INFOPLIST_KEY_UILaunchScreen_Generation = YES;
				INFOPLIST_KEY_UISupportedInterfaceOrientations_iPad = "UIInterfaceOrientationPortrait UIInterfaceOrientationPortraitUpsideDown UIInterfaceOrientationLandscapeLeft UIInterfaceOrientationLandscapeRight";
				INFOPLIST_KEY_UISupportedInterfaceOrientations_iPhone = "UIInterfaceOrientationPortrait UIInterfaceOrientationLandscapeLeft UIInterfaceOrientationLandscapeRight";
				LD_RUNPATH_SEARCH_PATHS = (
					"$(inherited)",
					"@executable_path/Frameworks",
				);
				MARKETING_VERSION = 1.0;
				PRODUCT_BUNDLE_IDENTIFIER = "imtuc.-706012110032-Micheila-Jiemesha-AFL-3";
				PRODUCT_NAME = "$(TARGET_NAME)";
				SWIFT_EMIT_LOC_STRINGS = YES;
				SWIFT_VERSION = 5.0;
				TARGETED_DEVICE_FAMILY = "1,2";
			};
			name = Release;
		};
		04E3F40429E4FF7500AA6BA2 /* Debug */ = {
			isa = XCBuildConfiguration;
			buildSettings = {
				ALWAYS_EMBED_SWIFT_STANDARD_LIBRARIES = YES;
				BUNDLE_LOADER = "$(TEST_HOST)";
				CODE_SIGN_STYLE = Automatic;
				CURRENT_PROJECT_VERSION = 1;
				DEVELOPMENT_TEAM = 9KGU3SB5D7;
				GENERATE_INFOPLIST_FILE = YES;
				IPHONEOS_DEPLOYMENT_TARGET = 16.2;
				MARKETING_VERSION = 1.0;
				PRODUCT_BUNDLE_IDENTIFIER = "imtuc.-706012110032-Micheila-Jiemesha-AFL-3Tests";
				PRODUCT_NAME = "$(TARGET_NAME)";
				SWIFT_EMIT_LOC_STRINGS = NO;
				SWIFT_VERSION = 5.0;
				TARGETED_DEVICE_FAMILY = "1,2";
				TEST_HOST = "$(BUILT_PRODUCTS_DIR)/0706012110032-Micheila Jiemesha-AFL 3.app/$(BUNDLE_EXECUTABLE_FOLDER_PATH)/0706012110032-Micheila Jiemesha-AFL 3";
			};
			name = Debug;
		};
		04E3F40529E4FF7500AA6BA2 /* Release */ = {
			isa = XCBuildConfiguration;
			buildSettings = {
				ALWAYS_EMBED_SWIFT_STANDARD_LIBRARIES = YES;
				BUNDLE_LOADER = "$(TEST_HOST)";
				CODE_SIGN_STYLE = Automatic;
				CURRENT_PROJECT_VERSION = 1;
				DEVELOPMENT_TEAM = 9KGU3SB5D7;
				GENERATE_INFOPLIST_FILE = YES;
				IPHONEOS_DEPLOYMENT_TARGET = 16.2;
				MARKETING_VERSION = 1.0;
				PRODUCT_BUNDLE_IDENTIFIER = "imtuc.-706012110032-Micheila-Jiemesha-AFL-3Tests";
				PRODUCT_NAME = "$(TARGET_NAME)";
				SWIFT_EMIT_LOC_STRINGS = NO;
				SWIFT_VERSION = 5.0;
				TARGETED_DEVICE_FAMILY = "1,2";
				TEST_HOST = "$(BUILT_PRODUCTS_DIR)/0706012110032-Micheila Jiemesha-AFL 3.app/$(BUNDLE_EXECUTABLE_FOLDER_PATH)/0706012110032-Micheila Jiemesha-AFL 3";
			};
			name = Release;
		};
		04E3F40729E4FF7500AA6BA2 /* Debug */ = {
			isa = XCBuildConfiguration;
			buildSettings = {
				ALWAYS_EMBED_SWIFT_STANDARD_LIBRARIES = YES;
				CODE_SIGN_STYLE = Automatic;
				CURRENT_PROJECT_VERSION = 1;
				DEVELOPMENT_TEAM = 9KGU3SB5D7;
				GENERATE_INFOPLIST_FILE = YES;
				MARKETING_VERSION = 1.0;
				PRODUCT_BUNDLE_IDENTIFIER = "imtuc.-706012110032-Micheila-Jiemesha-AFL-3UITests";
				PRODUCT_NAME = "$(TARGET_NAME)";
				SWIFT_EMIT_LOC_STRINGS = NO;
				SWIFT_VERSION = 5.0;
				TARGETED_DEVICE_FAMILY = "1,2";
				TEST_TARGET_NAME = "0706012110032-Micheila Jiemesha-AFL 3";
			};
			name = Debug;
		};
		04E3F40829E4FF7500AA6BA2 /* Release */ = {
			isa = XCBuildConfiguration;
			buildSettings = {
				ALWAYS_EMBED_SWIFT_STANDARD_LIBRARIES = YES;
				CODE_SIGN_STYLE = Automatic;
				CURRENT_PROJECT_VERSION = 1;
				DEVELOPMENT_TEAM = 9KGU3SB5D7;
				GENERATE_INFOPLIST_FILE = YES;
				MARKETING_VERSION = 1.0;
				PRODUCT_BUNDLE_IDENTIFIER = "imtuc.-706012110032-Micheila-Jiemesha-AFL-3UITests";
				PRODUCT_NAME = "$(TARGET_NAME)";
				SWIFT_EMIT_LOC_STRINGS = NO;
				SWIFT_VERSION = 5.0;
				TARGETED_DEVICE_FAMILY = "1,2";
				TEST_TARGET_NAME = "0706012110032-Micheila Jiemesha-AFL 3";
			};
			name = Release;
		};
		04FED09829E8E1EB00837F64 /* Debug */ = {
			isa = XCBuildConfiguration;
			buildSettings = {
				ASSETCATALOG_COMPILER_APPICON_NAME = AppIcon;
				ASSETCATALOG_COMPILER_GLOBAL_ACCENT_COLOR_NAME = AccentColor;
				CODE_SIGN_STYLE = Automatic;
				CURRENT_PROJECT_VERSION = 1;
				DEVELOPMENT_ASSET_PATHS = "\"0706012110032-Micheila Jiemesha-AFL 3-Watch Watch App/Preview Content\"";
				DEVELOPMENT_TEAM = 9KGU3SB5D7;
				ENABLE_PREVIEWS = YES;
				GENERATE_INFOPLIST_FILE = YES;
				INFOPLIST_KEY_CFBundleDisplayName = "0706012110032-Micheila Jiemesha-AFL 3-Watch";
				INFOPLIST_KEY_UISupportedInterfaceOrientations = "UIInterfaceOrientationPortrait UIInterfaceOrientationPortraitUpsideDown";
				INFOPLIST_KEY_WKCompanionAppBundleIdentifier = "";
				INFOPLIST_KEY_WKRunsIndependentlyOfCompanionApp = YES;
				LD_RUNPATH_SEARCH_PATHS = (
					"$(inherited)",
					"@executable_path/Frameworks",
				);
				MARKETING_VERSION = 1.0;
				PRODUCT_BUNDLE_IDENTIFIER = .watchkitapp;
				PRODUCT_NAME = "$(TARGET_NAME)";
				SDKROOT = watchos;
				SKIP_INSTALL = YES;
				SWIFT_EMIT_LOC_STRINGS = YES;
				SWIFT_VERSION = 5.0;
				TARGETED_DEVICE_FAMILY = 4;
				WATCHOS_DEPLOYMENT_TARGET = 9.1;
			};
			name = Debug;
		};
		04FED09929E8E1EB00837F64 /* Release */ = {
			isa = XCBuildConfiguration;
			buildSettings = {
				ASSETCATALOG_COMPILER_APPICON_NAME = AppIcon;
				ASSETCATALOG_COMPILER_GLOBAL_ACCENT_COLOR_NAME = AccentColor;
				CODE_SIGN_STYLE = Automatic;
				CURRENT_PROJECT_VERSION = 1;
				DEVELOPMENT_ASSET_PATHS = "\"0706012110032-Micheila Jiemesha-AFL 3-Watch Watch App/Preview Content\"";
				DEVELOPMENT_TEAM = 9KGU3SB5D7;
				ENABLE_PREVIEWS = YES;
				GENERATE_INFOPLIST_FILE = YES;
				INFOPLIST_KEY_CFBundleDisplayName = "0706012110032-Micheila Jiemesha-AFL 3-Watch";
				INFOPLIST_KEY_UISupportedInterfaceOrientations = "UIInterfaceOrientationPortrait UIInterfaceOrientationPortraitUpsideDown";
				INFOPLIST_KEY_WKCompanionAppBundleIdentifier = "";
				INFOPLIST_KEY_WKRunsIndependentlyOfCompanionApp = YES;
				LD_RUNPATH_SEARCH_PATHS = (
					"$(inherited)",
					"@executable_path/Frameworks",
				);
				MARKETING_VERSION = 1.0;
				PRODUCT_BUNDLE_IDENTIFIER = .watchkitapp;
				PRODUCT_NAME = "$(TARGET_NAME)";
				SDKROOT = watchos;
				SKIP_INSTALL = YES;
				SWIFT_EMIT_LOC_STRINGS = YES;
				SWIFT_VERSION = 5.0;
				TARGETED_DEVICE_FAMILY = 4;
				WATCHOS_DEPLOYMENT_TARGET = 9.1;
			};
			name = Release;
		};
		04FED09A29E8E1EB00837F64 /* Debug */ = {
			isa = XCBuildConfiguration;
			buildSettings = {
				ALWAYS_EMBED_SWIFT_STANDARD_LIBRARIES = YES;
				BUNDLE_LOADER = "$(TEST_HOST)";
				CODE_SIGN_STYLE = Automatic;
				CURRENT_PROJECT_VERSION = 1;
				DEVELOPMENT_TEAM = 9KGU3SB5D7;
				GENERATE_INFOPLIST_FILE = YES;
				MARKETING_VERSION = 1.0;
				PRODUCT_BUNDLE_IDENTIFIER = "imtuc.-706012110032-Micheila-Jiemesha-AFL-3-Watch-Watch-AppTests";
				PRODUCT_NAME = "$(TARGET_NAME)";
				SDKROOT = watchos;
				SWIFT_EMIT_LOC_STRINGS = NO;
				SWIFT_VERSION = 5.0;
				TARGETED_DEVICE_FAMILY = 4;
				TEST_HOST = "$(BUILT_PRODUCTS_DIR)/0706012110032-Micheila Jiemesha-AFL 3-Watch Watch App.app/$(BUNDLE_EXECUTABLE_FOLDER_PATH)/0706012110032-Micheila Jiemesha-AFL 3-Watch Watch App";
				WATCHOS_DEPLOYMENT_TARGET = 9.1;
			};
			name = Debug;
		};
		04FED09B29E8E1EB00837F64 /* Release */ = {
			isa = XCBuildConfiguration;
			buildSettings = {
				ALWAYS_EMBED_SWIFT_STANDARD_LIBRARIES = YES;
				BUNDLE_LOADER = "$(TEST_HOST)";
				CODE_SIGN_STYLE = Automatic;
				CURRENT_PROJECT_VERSION = 1;
				DEVELOPMENT_TEAM = 9KGU3SB5D7;
				GENERATE_INFOPLIST_FILE = YES;
				MARKETING_VERSION = 1.0;
				PRODUCT_BUNDLE_IDENTIFIER = "imtuc.-706012110032-Micheila-Jiemesha-AFL-3-Watch-Watch-AppTests";
				PRODUCT_NAME = "$(TARGET_NAME)";
				SDKROOT = watchos;
				SWIFT_EMIT_LOC_STRINGS = NO;
				SWIFT_VERSION = 5.0;
				TARGETED_DEVICE_FAMILY = 4;
				TEST_HOST = "$(BUILT_PRODUCTS_DIR)/0706012110032-Micheila Jiemesha-AFL 3-Watch Watch App.app/$(BUNDLE_EXECUTABLE_FOLDER_PATH)/0706012110032-Micheila Jiemesha-AFL 3-Watch Watch App";
				WATCHOS_DEPLOYMENT_TARGET = 9.1;
			};
			name = Release;
		};
		04FED09C29E8E1EB00837F64 /* Debug */ = {
			isa = XCBuildConfiguration;
			buildSettings = {
				ALWAYS_EMBED_SWIFT_STANDARD_LIBRARIES = YES;
				CODE_SIGN_STYLE = Automatic;
				CURRENT_PROJECT_VERSION = 1;
				DEVELOPMENT_TEAM = 9KGU3SB5D7;
				GENERATE_INFOPLIST_FILE = YES;
				MARKETING_VERSION = 1.0;
				PRODUCT_BUNDLE_IDENTIFIER = "imtuc.-706012110032-Micheila-Jiemesha-AFL-3-Watch-Watch-AppUITests";
				PRODUCT_NAME = "$(TARGET_NAME)";
				SDKROOT = watchos;
				SWIFT_EMIT_LOC_STRINGS = NO;
				SWIFT_VERSION = 5.0;
				TARGETED_DEVICE_FAMILY = 4;
				TEST_TARGET_NAME = "0706012110032-Micheila Jiemesha-AFL 3-Watch Watch App";
				WATCHOS_DEPLOYMENT_TARGET = 9.1;
			};
			name = Debug;
		};
		04FED09D29E8E1EB00837F64 /* Release */ = {
			isa = XCBuildConfiguration;
			buildSettings = {
				ALWAYS_EMBED_SWIFT_STANDARD_LIBRARIES = YES;
				CODE_SIGN_STYLE = Automatic;
				CURRENT_PROJECT_VERSION = 1;
				DEVELOPMENT_TEAM = 9KGU3SB5D7;
				GENERATE_INFOPLIST_FILE = YES;
				MARKETING_VERSION = 1.0;
				PRODUCT_BUNDLE_IDENTIFIER = "imtuc.-706012110032-Micheila-Jiemesha-AFL-3-Watch-Watch-AppUITests";
				PRODUCT_NAME = "$(TARGET_NAME)";
				SDKROOT = watchos;
				SWIFT_EMIT_LOC_STRINGS = NO;
				SWIFT_VERSION = 5.0;
				TARGETED_DEVICE_FAMILY = 4;
				TEST_TARGET_NAME = "0706012110032-Micheila Jiemesha-AFL 3-Watch Watch App";
				WATCHOS_DEPLOYMENT_TARGET = 9.1;
			};
			name = Release;
		};
/* End XCBuildConfiguration section */

/* Begin XCConfigurationList section */
		04E3F3D729E4FF7300AA6BA2 /* Build configuration list for PBXProject "0706012110032-Micheila Jiemesha-AFL 3" */ = {
			isa = XCConfigurationList;
			buildConfigurations = (
				04E3F3FE29E4FF7500AA6BA2 /* Debug */,
				04E3F3FF29E4FF7500AA6BA2 /* Release */,
			);
			defaultConfigurationIsVisible = 0;
			defaultConfigurationName = Release;
		};
		04E3F40029E4FF7500AA6BA2 /* Build configuration list for PBXNativeTarget "0706012110032-Micheila Jiemesha-AFL 3" */ = {
			isa = XCConfigurationList;
			buildConfigurations = (
				04E3F40129E4FF7500AA6BA2 /* Debug */,
				04E3F40229E4FF7500AA6BA2 /* Release */,
			);
			defaultConfigurationIsVisible = 0;
			defaultConfigurationName = Release;
		};
		04E3F40329E4FF7500AA6BA2 /* Build configuration list for PBXNativeTarget "0706012110032-Micheila Jiemesha-AFL 3Tests" */ = {
			isa = XCConfigurationList;
			buildConfigurations = (
				04E3F40429E4FF7500AA6BA2 /* Debug */,
				04E3F40529E4FF7500AA6BA2 /* Release */,
			);
			defaultConfigurationIsVisible = 0;
			defaultConfigurationName = Release;
		};
		04E3F40629E4FF7500AA6BA2 /* Build configuration list for PBXNativeTarget "0706012110032-Micheila Jiemesha-AFL 3UITests" */ = {
			isa = XCConfigurationList;
			buildConfigurations = (
				04E3F40729E4FF7500AA6BA2 /* Debug */,
				04E3F40829E4FF7500AA6BA2 /* Release */,
			);
			defaultConfigurationIsVisible = 0;
			defaultConfigurationName = Release;
		};
		04FED09E29E8E1EB00837F64 /* Build configuration list for PBXNativeTarget "0706012110032-Micheila Jiemesha-AFL 3-Watch Watch App" */ = {
			isa = XCConfigurationList;
			buildConfigurations = (
				04FED09829E8E1EB00837F64 /* Debug */,
				04FED09929E8E1EB00837F64 /* Release */,
			);
			defaultConfigurationIsVisible = 0;
			defaultConfigurationName = Release;
		};
		04FED09F29E8E1EB00837F64 /* Build configuration list for PBXNativeTarget "0706012110032-Micheila Jiemesha-AFL 3-Watch Watch AppTests" */ = {
			isa = XCConfigurationList;
			buildConfigurations = (
				04FED09A29E8E1EB00837F64 /* Debug */,
				04FED09B29E8E1EB00837F64 /* Release */,
			);
			defaultConfigurationIsVisible = 0;
			defaultConfigurationName = Release;
		};
		04FED0A029E8E1EB00837F64 /* Build configuration list for PBXNativeTarget "0706012110032-Micheila Jiemesha-AFL 3-Watch Watch AppUITests" */ = {
			isa = XCConfigurationList;
			buildConfigurations = (
				04FED09C29E8E1EB00837F64 /* Debug */,
				04FED09D29E8E1EB00837F64 /* Release */,
			);
			defaultConfigurationIsVisible = 0;
			defaultConfigurationName = Release;
		};
/* End XCConfigurationList section */
	};
	rootObject = 04E3F3D429E4FF7300AA6BA2 /* Project object */;
}
